
Microsoft Visual Studio Solution File, Format Version 12.00
# Visual Studio 15
VisualStudioVersion = 15.0.27130.2036
MinimumVisualStudioVersion = 10.0.40219.1
Project("{FAE04EC0-301F-11D3-BF4B-00C04F79EFBC}") = "AMPMvc", "AMPMvc\AMPMvc.csproj", "{9EFF09D3-95ED-4C6A-A7B2-334011603CE3}"
EndProject
Global
	GlobalSection(SolutionConfigurationPlatforms) = preSolution
		Debug|Any CPU = Debug|Any CPU
		Release|Any CPU = Release|Any CPU
	EndGlobalSection
	GlobalSection(ProjectConfigurationPlatforms) = postSolution
		{9EFF09D3-95ED-4C6A-A7B2-334011603CE3}.Debug|Any CPU.ActiveCfg = Debug|Any CPU
		{9EFF09D3-95ED-4C6A-A7B2-334011603CE3}.Debug|Any CPU.Build.0 = Debug|Any CPU
		{9EFF09D3-95ED-4C6A-A7B2-334011603CE3}.Release|Any CPU.ActiveCfg = Release|Any CPU
		{9EFF09D3-95ED-4C6A-A7B2-334011603CE3}.Release|Any CPU.Build.0 = Release|Any CPU
	EndGlobalSection
	GlobalSection(SolutionProperties) = preSolution
		HideSolutionNode = FALSE
	EndGlobalSection
	GlobalSection(ExtensibilityGlobals) = postSolution
		SolutionGuid = {6F78AE5D-DF2F-4589-A059-CBFC831A50D3}
	EndGlobalSection
EndGlobal
